dependencies:
- name: postgresql
  repository: https://charts.bitnami.com/bitnami
  version: 10.3.4
- name: ingress-nginx
  repository: https://kubernetes.github.io/ingress-nginx
  version: 3.23.0
digest: sha256:b29cda6f6de01577a5a2b139f780db5ce3a7be4007166af124ce954c16c2a36b
generated: "2021-02-21T13:44:49.7200784+08:00"
